
Microsoft Visual Studio Solution File, Format Version 12.00
# Visual Studio Version 16
VisualStudioVersion = 16.0.30711.63
MinimumVisualStudioVersion = 10.0.40219.1
Project("{FAE04EC0-301F-11D3-BF4B-00C04F79EFBC}") = "BatchFileRename", "BatchFileRename\BatchFileRename.csproj", "{7E5C2666-F373-42ED-A0CC-EE4F38ACD99C}"
EndProject
Global
	GlobalSection(SolutionConfigurationPlatforms) = preSolution
		Debug|Any CPU = Debug|Any CPU
		Release|Any CPU = Release|Any CPU
	EndGlobalSection
	GlobalSection(ProjectConfigurationPlatforms) = postSolution
		{7E5C2666-F373-42ED-A0CC-EE4F38ACD99C}.Debug|Any CPU.ActiveCfg = Debug|Any CPU
		{7E5C2666-F373-42ED-A0CC-EE4F38ACD99C}.Debug|Any CPU.Build.0 = Debug|Any CPU
		{7E5C2666-F373-42ED-A0CC-EE4F38ACD99C}.Release|Any CPU.ActiveCfg = Release|Any CPU
		{7E5C2666-F373-42ED-A0CC-EE4F38ACD99C}.Release|Any CPU.Build.0 = Release|Any CPU
	EndGlobalSection
	GlobalSection(SolutionProperties) = preSolution
		HideSolutionNode = FALSE
	EndGlobalSection
	GlobalSection(ExtensibilityGlobals) = postSolution
		SolutionGuid = {2E218000-1617-422C-9FF3-ACD366516146}
	EndGlobalSection
EndGlobal
